{
  "nodes": {
    "agenix": {
      "inputs": {
        "darwin": [
          "nix-darwin"
        ],
        "home-manager": [
          "home-manager"
        ],
        "nixpkgs": [
          "nixpkgs"
        ]
      },
      "locked": {
        "lastModified": 1701216516,
        "narHash": "sha256-jKSeJn+7hZ1dZdiH1L+NWUGT2i/BGomKAJ54B9kT06Q=",
        "owner": "ryantm",
        "repo": "agenix",
        "rev": "13ac9ac6d68b9a0896e3d43a082947233189e247",
        "type": "github"
      },
      "original": {
        "owner": "ryantm",
        "repo": "agenix",
        "type": "github"
      }
    },
    "cachix": {
      "inputs": {
        "devenv": [
          "devenv"
        ],
        "flake-compat": [
          "flake-compat"
        ],
        "nixpkgs": [
          "nixpkgs-unstable"
        ],
        "pre-commit-hooks": [
          "pre-commit-hooks"
        ]
      },
      "locked": {
        "lastModified": 1701353772,
        "narHash": "sha256-hkarfx28vsRUR62gnrSE/H2Grxfy+yt/1RgcLmGz5G0=",
        "owner": "cachix",
        "repo": "cachix",
        "rev": "d6c66e2393e25627acc0dc5f97c1b7c92693c7aa",
        "type": "github"
      },
      "original": {
        "owner": "cachix",
        "repo": "cachix",
        "type": "github"
      }
    },
    "cachix-deploy": {
      "inputs": {
        "darwin": [
          "nix-darwin"
        ],
        "disko": [
          "disko"
        ],
        "home-manager": [
          "home-manager"
        ],
        "nixos-anywhere": [
          "nixos-anywhere"
        ],
        "nixpkgs": [
          "nixpkgs"
        ]
      },
      "locked": {
        "lastModified": 1689691408,
        "narHash": "sha256-XWrxsfn2VNexC5Z/PqdX5VCNjMQLOW1Mqstqznzmx2c=",
        "owner": "cachix",
        "repo": "cachix-deploy-flake",
        "rev": "347933f81e9212cb98b78b6529e86fd810fcf8ae",
        "type": "github"
      },
      "original": {
        "owner": "cachix",
        "repo": "cachix-deploy-flake",
        "type": "github"
      }
    },
    "devenv": {
      "inputs": {
        "flake-compat": [
          "flake-compat"
        ],
        "nix": "nix",
        "nixpkgs": [
          "nixpkgs"
        ],
        "pre-commit-hooks": [
          "pre-commit-hooks"
        ]
      },
      "locked": {
        "lastModified": 1701187605,
        "narHash": "sha256-NctguPdUeDVLXFsv6vI1RlEiHLsXkeW3pgZe/mwn1BU=",
        "owner": "cachix",
        "repo": "devenv",
        "rev": "a7c4dd8f4eb1f98a6b8f04bf08364954e1e73e4f",
        "type": "github"
      },
      "original": {
        "owner": "cachix",
        "repo": "devenv",
        "type": "github"
      }
    },
    "devour-flake": {
      "flake": false,
      "locked": {
        "lastModified": 1694098737,
        "narHash": "sha256-O51F4YFOzlaQAc9b6xjkAqpvrvCtw/Os2M7TU0y4SKQ=",
        "owner": "srid",
        "repo": "devour-flake",
        "rev": "30a34036b29b0d12989ef6c8be77aa949d85aef5",
        "type": "github"
      },
      "original": {
        "owner": "srid",
        "repo": "devour-flake",
        "type": "github"
      }
    },
    "devshell": {
      "inputs": {
        "nixpkgs": [
          "ethereum-nix",
          "nixpkgs"
        ],
        "systems": "systems"
      },
      "locked": {
        "lastModified": 1698410321,
        "narHash": "sha256-MphuSlgpmKwtJncGMohryHiK55J1n6WzVQ/OAfmfoMc=",
        "owner": "numtide",
        "repo": "devshell",
        "rev": "1aed986e3c81a4f6698e85a7452cbfcc4b31a36e",
        "type": "github"
      },
      "original": {
        "owner": "numtide",
        "repo": "devshell",
        "type": "github"
      }
    },
    "disko": {
      "inputs": {
        "nixpkgs": [
          "nixpkgs"
        ]
      },
      "locked": {
        "lastModified": 1700927249,
        "narHash": "sha256-iqmIWiEng890/ru7ZBf4nUezFPyRm2fjRTvuwwxqk2o=",
        "owner": "nix-community",
        "repo": "disko",
        "rev": "3cb78c93e6a02f494aaf6aeb37481c27a2e2ee22",
        "type": "github"
      },
      "original": {
        "owner": "nix-community",
        "repo": "disko",
        "type": "github"
      }
    },
    "ethereum-nix": {
      "inputs": {
        "devour-flake": "devour-flake",
        "devshell": "devshell",
        "flake-compat": [
          "flake-compat"
        ],
        "flake-parts": [
          "flake-parts"
        ],
        "flake-root": "flake-root",
        "foundry-nix": "foundry-nix",
        "lib-extras": "lib-extras",
        "mynixpkgs": "mynixpkgs",
        "nixpkgs": [
          "nixpkgs"
        ],
        "nixpkgs-unstable": [
          "nixpkgs-unstable"
        ],
        "poetry2nix": "poetry2nix",
        "treefmt-nix": [
          "treefmt-nix"
        ]
      },
      "locked": {
        "lastModified": 1701389645,
        "narHash": "sha256-Kt9P5WrAuoTIQtr/QzRftAYqwTKzxsRYWqryD+c+0r4=",
        "owner": "metacraft-labs",
        "repo": "ethereum.nix",
        "rev": "9c874431e445f615599f719fe423fd982ac7d671",
        "type": "github"
      },
      "original": {
        "owner": "metacraft-labs",
        "repo": "ethereum.nix",
        "type": "github"
      }
    },
    "flake-compat": {
      "flake": false,
      "locked": {
        "lastModified": 1696426674,
        "narHash": "sha256-kvjfFW7WAETZlt09AgDn1MrtKzP7t90Vf7vypd3OL1U=",
        "owner": "edolstra",
        "repo": "flake-compat",
        "rev": "0f9255e01c2351cc7d116c072cb317785dd33b33",
        "type": "github"
      },
      "original": {
        "owner": "edolstra",
        "repo": "flake-compat",
        "type": "github"
      }
    },
    "flake-parts": {
      "inputs": {
        "nixpkgs-lib": [
          "nixpkgs"
        ]
      },
      "locked": {
        "lastModified": 1698882062,
        "narHash": "sha256-HkhafUayIqxXyHH1X8d9RDl1M2CkFgZLjKD3MzabiEo=",
        "owner": "hercules-ci",
        "repo": "flake-parts",
        "rev": "8c9fa2545007b49a5db5f650ae91f227672c3877",
        "type": "github"
      },
      "original": {
        "owner": "hercules-ci",
        "repo": "flake-parts",
        "type": "github"
      }
    },
    "flake-parts_2": {
      "inputs": {
        "nixpkgs-lib": [
          "validator-ejector",
          "nixpkgs"
        ]
      },
      "locked": {
        "lastModified": 1696343447,
        "narHash": "sha256-B2xAZKLkkeRFG5XcHHSXXcP7To9Xzr59KXeZiRf4vdQ=",
        "owner": "hercules-ci",
        "repo": "flake-parts",
        "rev": "c9afaba3dfa4085dbd2ccb38dfade5141e33d9d4",
        "type": "github"
      },
      "original": {
        "owner": "hercules-ci",
        "repo": "flake-parts",
        "type": "github"
      }
    },
    "flake-root": {
      "locked": {
        "lastModified": 1692742795,
        "narHash": "sha256-f+Y0YhVCIJ06LemO+3Xx00lIcqQxSKJHXT/yk1RTKxw=",
        "owner": "srid",
        "repo": "flake-root",
        "rev": "d9a70d9c7a5fd7f3258ccf48da9335e9b47c3937",
        "type": "github"
      },
      "original": {
        "owner": "srid",
        "repo": "flake-root",
        "type": "github"
      }
    },
    "flake-utils": {
      "locked": {
        "lastModified": 1644229661,
        "narHash": "sha256-1YdnJAsNy69bpcjuoKdOYQX0YxZBiCYZo4Twxerqv7k=",
        "owner": "numtide",
        "repo": "flake-utils",
        "rev": "3cecb5b042f7f209c56ffd8371b2711a290ec797",
        "type": "github"
      },
      "original": {
        "owner": "numtide",
        "repo": "flake-utils",
        "type": "github"
      }
    },
    "flake-utils-plus": {
      "inputs": {
        "flake-utils": [
          "flake-utils"
        ]
      },
      "locked": {
        "lastModified": 1696331477,
        "narHash": "sha256-YkbRa/1wQWdWkVJ01JvV+75KIdM37UErqKgTf0L54Fk=",
        "owner": "gytis-ivaskevicius",
        "repo": "flake-utils-plus",
        "rev": "bfc53579db89de750b25b0c5e7af299e0c06d7d3",
        "type": "github"
      },
      "original": {
        "owner": "gytis-ivaskevicius",
        "repo": "flake-utils-plus",
        "type": "github"
      }
    },
    "flake-utils_2": {
      "inputs": {
        "systems": "systems_2"
      },
      "locked": {
        "lastModified": 1694529238,
        "narHash": "sha256-zsNZZGTGnMOf9YpHKJqMSsa0dXbfmxeoJ7xHlrt+xmY=",
        "owner": "numtide",
        "repo": "flake-utils",
        "rev": "ff7b65b44d01cf9ba6a71320833626af21126384",
        "type": "github"
      },
      "original": {
        "owner": "numtide",
        "repo": "flake-utils",
        "type": "github"
      }
    },
    "flake-utils_3": {
      "inputs": {
        "systems": [
          "systems"
        ]
      },
      "locked": {
        "lastModified": 1694529238,
        "narHash": "sha256-zsNZZGTGnMOf9YpHKJqMSsa0dXbfmxeoJ7xHlrt+xmY=",
        "owner": "numtide",
        "repo": "flake-utils",
        "rev": "ff7b65b44d01cf9ba6a71320833626af21126384",
        "type": "github"
      },
      "original": {
        "owner": "numtide",
        "repo": "flake-utils",
        "type": "github"
      }
    },
    "foundry-nix": {
      "inputs": {
        "flake-utils": "flake-utils",
        "nixpkgs": [
          "ethereum-nix",
          "nixpkgs"
        ]
      },
      "locked": {
        "lastModified": 1696410815,
        "narHash": "sha256-uku47D/L+VzO3sVoZbnexPQPGeQtMwMFBesyaA1vKtE=",
        "owner": "shazow",
        "repo": "foundry.nix",
        "rev": "a56126a754d73f85d904768fed569a9e250388d9",
        "type": "github"
      },
      "original": {
        "owner": "shazow",
        "ref": "monthly",
        "repo": "foundry.nix",
        "type": "github"
      }
    },
    "gitignore": {
      "inputs": {
        "nixpkgs": [
          "pre-commit-hooks",
          "nixpkgs"
        ]
      },
      "locked": {
        "lastModified": 1660459072,
        "narHash": "sha256-8DFJjXG8zqoONA1vXtgeKXy68KdJL5UaXR8NtVMUbx8=",
        "owner": "hercules-ci",
        "repo": "gitignore.nix",
        "rev": "a20de23b925fd8264fd7fad6454652e142fd7f73",
        "type": "github"
      },
      "original": {
        "owner": "hercules-ci",
        "repo": "gitignore.nix",
        "type": "github"
      }
    },
    "haumea": {
      "inputs": {
        "nixpkgs": [
          "ethereum-nix",
          "mynixpkgs",
          "nixpkgs"
        ]
      },
      "locked": {
        "lastModified": 1685133229,
        "narHash": "sha256-FePm/Gi9PBSNwiDFq3N+DWdfxFq0UKsVVTJS3cQPn94=",
        "owner": "nix-community",
        "repo": "haumea",
        "rev": "34dd58385092a23018748b50f9b23de6266dffc2",
        "type": "github"
      },
      "original": {
        "owner": "nix-community",
        "ref": "v0.2.2",
        "repo": "haumea",
        "type": "github"
      }
    },
    "hercules-ci-effects": {
      "inputs": {
        "flake-parts": [
          "flake-parts"
        ],
        "nixpkgs": [
          "nixpkgs"
        ]
      },
      "locked": {
        "lastModified": 1701009247,
        "narHash": "sha256-GuX16rzRze2y7CsewJLTV6qXkXWyEwp6VCZXi8HLruU=",
        "owner": "hercules-ci",
        "repo": "hercules-ci-effects",
        "rev": "31b6cd7569191bfcd0a548575b0e2ef953ed7d09",
        "type": "github"
      },
      "original": {
        "owner": "hercules-ci",
        "repo": "hercules-ci-effects",
        "type": "github"
      }
    },
    "home-manager": {
      "inputs": {
        "nixpkgs": [
          "nixpkgs"
        ]
      },
      "locked": {
        "lastModified": 1700392168,
        "narHash": "sha256-v5LprEFx3u4+1vmds9K0/i7sHjT0IYGs7u9v54iz/OA=",
        "owner": "nix-community",
        "repo": "home-manager",
        "rev": "28535c3a34d79071f2ccb68671971ce0c0984d7e",
        "type": "github"
      },
      "original": {
        "owner": "nix-community",
        "ref": "release-23.05",
        "repo": "home-manager",
        "type": "github"
      }
    },
    "lib-extras": {
      "inputs": {
        "devshell": [
          "ethereum-nix",
          "devshell"
        ],
        "flake-parts": [
          "ethereum-nix",
          "flake-parts"
        ],
        "flake-root": [
          "ethereum-nix",
          "flake-root"
        ],
        "nixpkgs": [
          "ethereum-nix",
          "nixpkgs"
        ],
        "treefmt-nix": [
          "ethereum-nix",
          "treefmt-nix"
        ]
      },
      "locked": {
        "lastModified": 1699974671,
        "narHash": "sha256-4EsuPiX4pGEg8ME9ONn8ebY1ZKYLOp9DRCcdTrOj8sY=",
        "owner": "aldoborrero",
        "repo": "lib-extras",
        "rev": "83c8935af27738b8b155e0077522220d81865269",
        "type": "github"
      },
      "original": {
        "owner": "aldoborrero",
        "ref": "v0.2.2",
        "repo": "lib-extras",
        "type": "github"
      }
    },
    "lowdown-src": {
      "flake": false,
      "locked": {
        "lastModified": 1633514407,
        "narHash": "sha256-Dw32tiMjdK9t3ETl5fzGrutQTzh2rufgZV4A/BbxuD4=",
        "owner": "kristapsdz",
        "repo": "lowdown",
        "rev": "d2c2b44ff6c27b936ec27358a2653caaef8f73b8",
        "type": "github"
      },
      "original": {
        "owner": "kristapsdz",
        "repo": "lowdown",
        "type": "github"
      }
    },
    "mynixpkgs": {
      "inputs": {
        "devour-flake": [
          "ethereum-nix",
          "devour-flake"
        ],
        "devshell": [
          "ethereum-nix",
          "devshell"
        ],
        "flake-parts": [
          "ethereum-nix",
          "flake-parts"
        ],
        "flake-root": [
          "ethereum-nix",
          "flake-root"
        ],
        "haumea": "haumea",
        "lib-extras": [
          "ethereum-nix",
          "lib-extras"
        ],
        "nixpkgs": [
          "ethereum-nix",
          "nixpkgs-unstable"
        ],
        "treefmt-nix": [
          "ethereum-nix",
          "treefmt-nix"
        ]
      },
      "locked": {
        "lastModified": 1701258184,
        "narHash": "sha256-RAmIb5DVd4I4jn0Nzwd0iPmO4YZwzsx7Wno5a30k8IM=",
        "owner": "aldoborrero",
        "repo": "mynixpkgs",
        "rev": "0d415cfc494dfc105a0fd5ebf83411be82a4d9b3",
        "type": "github"
      },
      "original": {
        "owner": "aldoborrero",
        "repo": "mynixpkgs",
        "type": "github"
      }
    },
    "nix": {
      "inputs": {
        "lowdown-src": "lowdown-src",
        "nixpkgs": [
          "devenv",
          "nixpkgs"
        ],
        "nixpkgs-regression": "nixpkgs-regression"
      },
      "locked": {
        "lastModified": 1676545802,
        "narHash": "sha256-EK4rZ+Hd5hsvXnzSzk2ikhStJnD63odF7SzsQ8CuSPU=",
        "owner": "domenkozar",
        "repo": "nix",
        "rev": "7c91803598ffbcfe4a55c44ac6d49b2cf07a527f",
        "type": "github"
      },
      "original": {
        "owner": "domenkozar",
        "ref": "relaxed-flakes",
        "repo": "nix",
        "type": "github"
      }
    },
    "nix-darwin": {
      "inputs": {
        "nixpkgs": [
          "nixpkgs"
        ]
      },
      "locked": {
        "lastModified": 1700795494,
        "narHash": "sha256-gzGLZSiOhf155FW7262kdHo2YDeugp3VuIFb4/GGng0=",
        "owner": "LnL7",
        "repo": "nix-darwin",
        "rev": "4b9b83d5a92e8c1fbfd8eb27eda375908c11ec4d",
        "type": "github"
      },
      "original": {
        "owner": "LnL7",
        "repo": "nix-darwin",
        "type": "github"
      }
    },
    "nix-github-actions": {
      "inputs": {
        "nixpkgs": [
          "ethereum-nix",
          "poetry2nix",
          "nixpkgs"
        ]
      },
      "locked": {
        "lastModified": 1698974481,
        "narHash": "sha256-yPncV9Ohdz1zPZxYHQf47S8S0VrnhV7nNhCawY46hDA=",
        "owner": "nix-community",
        "repo": "nix-github-actions",
        "rev": "4bb5e752616262457bc7ca5882192a564c0472d2",
        "type": "github"
      },
      "original": {
        "owner": "nix-community",
        "repo": "nix-github-actions",
        "type": "github"
      }
    },
    "nixd": {
      "inputs": {
        "flake-parts": [
          "flake-parts"
        ],
        "nixpkgs": [
          "nixpkgs"
        ]
      },
      "locked": {
        "lastModified": 1699966122,
        "narHash": "sha256-zEN3ET7jfXpIKYeYh/z4xekOBOoaFS+n0q3oL3sVh+0=",
        "owner": "nix-community",
        "repo": "nixd",
        "rev": "b3bb9ea7cd3c2f07c89779a474d6468b2c11e303",
        "type": "github"
      },
      "original": {
        "owner": "nix-community",
        "repo": "nixd",
        "type": "github"
      }
    },
    "nixos-2305": {
      "locked": {
        "lastModified": 1701053011,
        "narHash": "sha256-8QQ7rFbKFqgKgLoaXVJRh7Ik5LtI3pyBBCfOnNOGkF0=",
        "owner": "NixOS",
        "repo": "nixpkgs",
        "rev": "5b528f99f73c4fad127118a8c1126b5e003b01a9",
        "type": "github"
      },
      "original": {
        "owner": "NixOS",
        "ref": "nixos-23.05",
        "repo": "nixpkgs",
        "type": "github"
      }
    },
    "nixos-anywhere": {
      "inputs": {
        "disko": [
          "disko"
        ],
        "flake-parts": [
          "flake-parts"
        ],
        "nixos-2305": [
          "nixos-2305"
        ],
        "nixos-images": [
          "nixos-images"
        ],
        "nixpkgs": [
          "nixpkgs"
        ],
        "treefmt-nix": [
          "treefmt-nix"
        ]
      },
      "locked": {
        "lastModified": 1701183034,
        "narHash": "sha256-ziAsUAa0fGfdQ62bYxkffHFrbFbLdcRqooNaTO4cs+E=",
        "owner": "numtide",
        "repo": "nixos-anywhere",
        "rev": "73a6d3fef4c5b4ab9e4ac868f468ec8f9436afa7",
        "type": "github"
      },
      "original": {
        "owner": "numtide",
        "repo": "nixos-anywhere",
        "type": "github"
      }
    },
    "nixos-images": {
      "inputs": {
        "nixos-2305": [
          "nixos-2305"
        ],
        "nixos-unstable": [
          "nixpkgs-unstable"
        ]
      },
      "locked": {
        "lastModified": 1701308595,
        "narHash": "sha256-nIu2fBub50er+VOfBSohzd+e25kSzW79gU2dV/apzGY=",
        "owner": "nix-community",
        "repo": "nixos-images",
        "rev": "e091c84b606b9a5f366bedd0afa143a762a0af1c",
        "type": "github"
      },
      "original": {
        "owner": "nix-community",
        "repo": "nixos-images",
        "type": "github"
      }
    },
    "nixpkgs-regression": {
      "locked": {
        "lastModified": 1643052045,
        "narHash": "sha256-uGJ0VXIhWKGXxkeNnq4TvV3CIOkUJ3PAoLZ3HMzNVMw=",
        "owner": "NixOS",
        "repo": "nixpkgs",
        "rev": "215d4d0fd80ca5163643b03a33fde804a29cc1e2",
        "type": "github"
      },
      "original": {
        "owner": "NixOS",
        "repo": "nixpkgs",
        "rev": "215d4d0fd80ca5163643b03a33fde804a29cc1e2",
        "type": "github"
      }
    },
    "nixpkgs-unstable": {
      "locked": {
        "lastModified": 1701068326,
        "narHash": "sha256-vmMceA+q6hG1yrjb+MP8T0YFDQIrW3bl45e7z24IEts=",
        "owner": "NixOS",
        "repo": "nixpkgs",
        "rev": "8cfef6986adfb599ba379ae53c9f5631ecd2fd9c",
        "type": "github"
      },
      "original": {
        "owner": "NixOS",
        "ref": "nixos-unstable",
        "repo": "nixpkgs",
        "type": "github"
      }
    },
    "poetry2nix": {
      "inputs": {
        "flake-utils": "flake-utils_2",
        "nix-github-actions": "nix-github-actions",
        "nixpkgs": [
          "ethereum-nix",
          "nixpkgs"
        ],
        "systems": "systems_3",
        "treefmt-nix": [
          "ethereum-nix",
          "treefmt-nix"
        ]
      },
      "locked": {
        "lastModified": 1701105783,
        "narHash": "sha256-5IOI0xXGbhAkUZNNcPId48V78Q+/JlW0hzlif0zxRmM=",
        "owner": "nix-community",
        "repo": "poetry2nix",
        "rev": "0b2bff39e9bd4e6db3208e09c276ca83a063b370",
        "type": "github"
      },
      "original": {
        "owner": "nix-community",
        "repo": "poetry2nix",
        "type": "github"
      }
    },
    "pre-commit-hooks": {
      "inputs": {
        "flake-compat": [
          "flake-compat"
        ],
        "flake-utils": [
          "flake-utils"
        ],
        "gitignore": "gitignore",
        "nixpkgs": [
          "nixpkgs"
        ],
        "nixpkgs-stable": [
          "nixpkgs"
        ]
      },
      "locked": {
        "lastModified": 1700922917,
        "narHash": "sha256-ej2fch/T584b5K9sk1UhmZF7W6wEfDHuoUYpFN8dtvM=",
        "owner": "cachix",
        "repo": "pre-commit-hooks.nix",
        "rev": "e5ee5c5f3844550c01d2131096c7271cec5e9b78",
        "type": "github"
      },
      "original": {
        "owner": "cachix",
        "repo": "pre-commit-hooks.nix",
        "type": "github"
      }
    },
    "root": {
      "inputs": {
        "agenix": "agenix",
        "cachix": "cachix",
        "cachix-deploy": "cachix-deploy",
        "devenv": "devenv",
        "disko": "disko",
        "ethereum-nix": "ethereum-nix",
        "flake-compat": "flake-compat",
        "flake-parts": "flake-parts",
        "flake-utils": "flake-utils_3",
        "flake-utils-plus": "flake-utils-plus",
        "hercules-ci-effects": "hercules-ci-effects",
        "home-manager": "home-manager",
        "nix-darwin": "nix-darwin",
        "nixd": "nixd",
        "nixos-2305": "nixos-2305",
        "nixos-anywhere": "nixos-anywhere",
        "nixos-images": "nixos-images",
        "nixpkgs": [
          "nixos-2305"
        ],
        "nixpkgs-unstable": "nixpkgs-unstable",
        "pre-commit-hooks": "pre-commit-hooks",
        "systems": "systems_4",
        "treefmt-nix": "treefmt-nix",
        "validator-ejector": "validator-ejector"
      }
    },
    "systems": {
      "locked": {
        "lastModified": 1681028828,
        "narHash": "sha256-Vy1rq5AaRuLzOxct8nz4T6wlgyUR7zLU309k9mBC768=",
        "owner": "nix-systems",
        "repo": "default",
        "rev": "da67096a3b9bf56a91d16901293e51ba5b49a27e",
        "type": "github"
      },
      "original": {
        "owner": "nix-systems",
        "repo": "default",
        "type": "github"
      }
    },
    "systems_2": {
      "locked": {
        "lastModified": 1681028828,
        "narHash": "sha256-Vy1rq5AaRuLzOxct8nz4T6wlgyUR7zLU309k9mBC768=",
        "owner": "nix-systems",
        "repo": "default",
        "rev": "da67096a3b9bf56a91d16901293e51ba5b49a27e",
        "type": "github"
      },
      "original": {
        "owner": "nix-systems",
        "repo": "default",
        "type": "github"
      }
    },
    "systems_3": {
      "locked": {
        "lastModified": 1681028828,
        "narHash": "sha256-Vy1rq5AaRuLzOxct8nz4T6wlgyUR7zLU309k9mBC768=",
        "owner": "nix-systems",
        "repo": "default",
        "rev": "da67096a3b9bf56a91d16901293e51ba5b49a27e",
        "type": "github"
      },
      "original": {
        "id": "systems",
        "type": "indirect"
      }
    },
    "systems_4": {
      "locked": {
        "lastModified": 1681028828,
        "narHash": "sha256-Vy1rq5AaRuLzOxct8nz4T6wlgyUR7zLU309k9mBC768=",
        "owner": "nix-systems",
        "repo": "default",
        "rev": "da67096a3b9bf56a91d16901293e51ba5b49a27e",
        "type": "github"
      },
      "original": {
        "owner": "nix-systems",
        "repo": "default",
        "type": "github"
      }
    },
    "treefmt-nix": {
      "inputs": {
        "nixpkgs": [
          "nixpkgs"
        ]
      },
      "locked": {
        "lastModified": 1699786194,
        "narHash": "sha256-3h3EH1FXQkIeAuzaWB+nK0XK54uSD46pp+dMD3gAcB4=",
        "owner": "numtide",
        "repo": "treefmt-nix",
        "rev": "e82f32aa7f06bbbd56d7b12186d555223dc399d1",
        "type": "github"
      },
      "original": {
        "owner": "numtide",
        "repo": "treefmt-nix",
        "type": "github"
      }
    },
    "validator-ejector": {
      "inputs": {
        "flake-parts": "flake-parts_2",
        "nixpkgs": [
          "nixpkgs"
        ]
      },
      "locked": {
        "lastModified": 1697552005,
        "narHash": "sha256-WSf/igBl9akFK9Qzv4QpRoh0K1bus2eJ9uI/KgULSbA=",
        "owner": "metacraft-labs",
        "repo": "validator-ejector",
        "rev": "cef31cac3f7f7ad7271d2dc1f59b0ba5395a3e18",
        "type": "github"
      },
      "original": {
        "owner": "metacraft-labs",
        "ref": "add/nix-package",
        "repo": "validator-ejector",
        "type": "github"
      }
    }
  },
  "root": "root",
  "version": 7
}
